
Microsoft Visual Studio Solution File, Format Version 12.00
# Visual Studio Version 17
VisualStudioVersion = 17.5.33516.290
MinimumVisualStudioVersion = 10.0.40219.1
Project("{FAE04EC0-301F-11D3-BF4B-00C04F79EFBC}") = "ExceptionHandingLearn", "ExceptionHandingLearn\ExceptionHandingLearn.csproj", "{90B2013F-95AE-4F8B-80F7-4A0C6A3B140E}"
EndProject
Global
	GlobalSection(SolutionConfigurationPlatforms) = preSolution
		Debug|Any CPU = Debug|Any CPU
		Release|Any CPU = Release|Any CPU
	EndGlobalSection
	GlobalSection(ProjectConfigurationPlatforms) = postSolution
		{90B2013F-95AE-4F8B-80F7-4A0C6A3B140E}.Debug|Any CPU.ActiveCfg = Debug|Any CPU
		{90B2013F-95AE-4F8B-80F7-4A0C6A3B140E}.Debug|Any CPU.Build.0 = Debug|Any CPU
		{90B2013F-95AE-4F8B-80F7-4A0C6A3B140E}.Release|Any CPU.ActiveCfg = Release|Any CPU
		{90B2013F-95AE-4F8B-80F7-4A0C6A3B140E}.Release|Any CPU.Build.0 = Release|Any CPU
	EndGlobalSection
	GlobalSection(SolutionProperties) = preSolution
		HideSolutionNode = FALSE
	EndGlobalSection
	GlobalSection(ExtensibilityGlobals) = postSolution
		SolutionGuid = {8EC9B4D9-936D-453E-A3CE-890201B96279}
	EndGlobalSection
EndGlobal
