
Microsoft Visual Studio Solution File, Format Version 12.00
# Visual Studio Version 17
VisualStudioVersion = 17.5.33516.290
MinimumVisualStudioVersion = 10.0.40219.1
Project("{FAE04EC0-301F-11D3-BF4B-00C04F79EFBC}") = "AddressBook", "AddressBook\AddressBook.csproj", "{C3214910-B098-4CC1-85FE-ABE89DFFDB68}"
EndProject
Project("{FAE04EC0-301F-11D3-BF4B-00C04F79EFBC}") = "AddressBook.Domain", "AddressBook.Domain\AddressBook.Domain.csproj", "{CA30AA5C-DDC6-4462-AF09-12084ECADFDE}"
EndProject
Project("{FAE04EC0-301F-11D3-BF4B-00C04F79EFBC}") = "AddressBook.BL", "AddressBook.BL\AddressBook.BL.csproj", "{D30CB8BF-B4A7-4078-8ADA-5145B58F9493}"
EndProject
Global
	GlobalSection(SolutionConfigurationPlatforms) = preSolution
		Debug|Any CPU = Debug|Any CPU
		Release|Any CPU = Release|Any CPU
	EndGlobalSection
	GlobalSection(ProjectConfigurationPlatforms) = postSolution
		{C3214910-B098-4CC1-85FE-ABE89DFFDB68}.Debug|Any CPU.ActiveCfg = Debug|Any CPU
		{C3214910-B098-4CC1-85FE-ABE89DFFDB68}.Debug|Any CPU.Build.0 = Debug|Any CPU
		{C3214910-B098-4CC1-85FE-ABE89DFFDB68}.Release|Any CPU.ActiveCfg = Release|Any CPU
		{C3214910-B098-4CC1-85FE-ABE89DFFDB68}.Release|Any CPU.Build.0 = Release|Any CPU
		{CA30AA5C-DDC6-4462-AF09-12084ECADFDE}.Debug|Any CPU.ActiveCfg = Debug|Any CPU
		{CA30AA5C-DDC6-4462-AF09-12084ECADFDE}.Debug|Any CPU.Build.0 = Debug|Any CPU
		{CA30AA5C-DDC6-4462-AF09-12084ECADFDE}.Release|Any CPU.ActiveCfg = Release|Any CPU
		{CA30AA5C-DDC6-4462-AF09-12084ECADFDE}.Release|Any CPU.Build.0 = Release|Any CPU
		{D30CB8BF-B4A7-4078-8ADA-5145B58F9493}.Debug|Any CPU.ActiveCfg = Debug|Any CPU
		{D30CB8BF-B4A7-4078-8ADA-5145B58F9493}.Debug|Any CPU.Build.0 = Debug|Any CPU
		{D30CB8BF-B4A7-4078-8ADA-5145B58F9493}.Release|Any CPU.ActiveCfg = Release|Any CPU
		{D30CB8BF-B4A7-4078-8ADA-5145B58F9493}.Release|Any CPU.Build.0 = Release|Any CPU
	EndGlobalSection
	GlobalSection(SolutionProperties) = preSolution
		HideSolutionNode = FALSE
	EndGlobalSection
	GlobalSection(ExtensibilityGlobals) = postSolution
		SolutionGuid = {914D8211-2BD5-4404-8684-E1E4C6FC5D14}
	EndGlobalSection
EndGlobal
