
Microsoft Visual Studio Solution File, Format Version 12.00
# Visual Studio Version 17
VisualStudioVersion = 17.5.33516.290
MinimumVisualStudioVersion = 10.0.40219.1
Project("{FAE04EC0-301F-11D3-BF4B-00C04F79EFBC}") = "ResourceFilterLearn", "ResourceFilterLearn\ResourceFilterLearn.csproj", "{6CBEDF74-178B-479F-8F34-C2A874AA94F7}"
EndProject
Global
	GlobalSection(SolutionConfigurationPlatforms) = preSolution
		Debug|Any CPU = Debug|Any CPU
		Release|Any CPU = Release|Any CPU
	EndGlobalSection
	GlobalSection(ProjectConfigurationPlatforms) = postSolution
		{6CBEDF74-178B-479F-8F34-C2A874AA94F7}.Debug|Any CPU.ActiveCfg = Debug|Any CPU
		{6CBEDF74-178B-479F-8F34-C2A874AA94F7}.Debug|Any CPU.Build.0 = Debug|Any CPU
		{6CBEDF74-178B-479F-8F34-C2A874AA94F7}.Release|Any CPU.ActiveCfg = Release|Any CPU
		{6CBEDF74-178B-479F-8F34-C2A874AA94F7}.Release|Any CPU.Build.0 = Release|Any CPU
	EndGlobalSection
	GlobalSection(SolutionProperties) = preSolution
		HideSolutionNode = FALSE
	EndGlobalSection
	GlobalSection(ExtensibilityGlobals) = postSolution
		SolutionGuid = {CEEE7B56-A6AC-494E-AB25-048CCB6FFEBD}
	EndGlobalSection
EndGlobal
