
Microsoft Visual Studio Solution File, Format Version 12.00
# Visual Studio Version 17
VisualStudioVersion = 17.5.33516.290
MinimumVisualStudioVersion = 10.0.40219.1
Project("{FAE04EC0-301F-11D3-BF4B-00C04F79EFBC}") = "ExceptionFilterLearn", "ExceptionFilterLearn\ExceptionFilterLearn.csproj", "{C5488BDF-ADF0-4DA6-A58D-D06B2B697E66}"
EndProject
Global
	GlobalSection(SolutionConfigurationPlatforms) = preSolution
		Debug|Any CPU = Debug|Any CPU
		Release|Any CPU = Release|Any CPU
	EndGlobalSection
	GlobalSection(ProjectConfigurationPlatforms) = postSolution
		{C5488BDF-ADF0-4DA6-A58D-D06B2B697E66}.Debug|Any CPU.ActiveCfg = Debug|Any CPU
		{C5488BDF-ADF0-4DA6-A58D-D06B2B697E66}.Debug|Any CPU.Build.0 = Debug|Any CPU
		{C5488BDF-ADF0-4DA6-A58D-D06B2B697E66}.Release|Any CPU.ActiveCfg = Release|Any CPU
		{C5488BDF-ADF0-4DA6-A58D-D06B2B697E66}.Release|Any CPU.Build.0 = Release|Any CPU
	EndGlobalSection
	GlobalSection(SolutionProperties) = preSolution
		HideSolutionNode = FALSE
	EndGlobalSection
	GlobalSection(ExtensibilityGlobals) = postSolution
		SolutionGuid = {157F838F-96D2-49C0-AE28-D2986BA5DA22}
	EndGlobalSection
EndGlobal
