
Microsoft Visual Studio Solution File, Format Version 12.00
# Visual Studio Version 17
VisualStudioVersion = 17.5.33516.290
MinimumVisualStudioVersion = 10.0.40219.1
Project("{9A19103F-16F7-4668-BE54-9A1E7A4F7556}") = "BookAPI.Presentation", "BookAPI.Presentation\BookAPI.Presentation.csproj", "{EE154336-0B8F-4F1F-8AAE-535170F9676F}"
EndProject
Project("{9A19103F-16F7-4668-BE54-9A1E7A4F7556}") = "BookAPI.Domain", "BookAPI.Domain\BookAPI.Domain.csproj", "{88C9905D-E593-4665-81F2-544001C2FB89}"
EndProject
Project("{9A19103F-16F7-4668-BE54-9A1E7A4F7556}") = "BookAPI.BL", "BookAPI.BL\BookAPI.BL.csproj", "{8DD11D83-1837-41E9-8DF2-ED1A1DD4898B}"
EndProject
Project("{9A19103F-16F7-4668-BE54-9A1E7A4F7556}") = "BookAPI.DAL", "BookAPI.DAL\BookAPI.DAL.csproj", "{162D30C2-0CE5-40B9-AF29-5EC6D0965D85}"
EndProject
Global
	GlobalSection(SolutionConfigurationPlatforms) = preSolution
		Debug|Any CPU = Debug|Any CPU
		Release|Any CPU = Release|Any CPU
	EndGlobalSection
	GlobalSection(ProjectConfigurationPlatforms) = postSolution
		{EE154336-0B8F-4F1F-8AAE-535170F9676F}.Debug|Any CPU.ActiveCfg = Debug|Any CPU
		{EE154336-0B8F-4F1F-8AAE-535170F9676F}.Debug|Any CPU.Build.0 = Debug|Any CPU
		{EE154336-0B8F-4F1F-8AAE-535170F9676F}.Release|Any CPU.ActiveCfg = Release|Any CPU
		{EE154336-0B8F-4F1F-8AAE-535170F9676F}.Release|Any CPU.Build.0 = Release|Any CPU
		{88C9905D-E593-4665-81F2-544001C2FB89}.Debug|Any CPU.ActiveCfg = Debug|Any CPU
		{88C9905D-E593-4665-81F2-544001C2FB89}.Debug|Any CPU.Build.0 = Debug|Any CPU
		{88C9905D-E593-4665-81F2-544001C2FB89}.Release|Any CPU.ActiveCfg = Release|Any CPU
		{88C9905D-E593-4665-81F2-544001C2FB89}.Release|Any CPU.Build.0 = Release|Any CPU
		{8DD11D83-1837-41E9-8DF2-ED1A1DD4898B}.Debug|Any CPU.ActiveCfg = Debug|Any CPU
		{8DD11D83-1837-41E9-8DF2-ED1A1DD4898B}.Debug|Any CPU.Build.0 = Debug|Any CPU
		{8DD11D83-1837-41E9-8DF2-ED1A1DD4898B}.Release|Any CPU.ActiveCfg = Release|Any CPU
		{8DD11D83-1837-41E9-8DF2-ED1A1DD4898B}.Release|Any CPU.Build.0 = Release|Any CPU
		{162D30C2-0CE5-40B9-AF29-5EC6D0965D85}.Debug|Any CPU.ActiveCfg = Debug|Any CPU
		{162D30C2-0CE5-40B9-AF29-5EC6D0965D85}.Debug|Any CPU.Build.0 = Debug|Any CPU
		{162D30C2-0CE5-40B9-AF29-5EC6D0965D85}.Release|Any CPU.ActiveCfg = Release|Any CPU
		{162D30C2-0CE5-40B9-AF29-5EC6D0965D85}.Release|Any CPU.Build.0 = Release|Any CPU
	EndGlobalSection
	GlobalSection(SolutionProperties) = preSolution
		HideSolutionNode = FALSE
	EndGlobalSection
	GlobalSection(ExtensibilityGlobals) = postSolution
		SolutionGuid = {92A5F93D-ABBF-43FF-A0A7-386D012F316D}
	EndGlobalSection
EndGlobal
