
Microsoft Visual Studio Solution File, Format Version 12.00
# Visual Studio Version 17
VisualStudioVersion = 17.5.33516.290
MinimumVisualStudioVersion = 10.0.40219.1
Project("{FAE04EC0-301F-11D3-BF4B-00C04F79EFBC}") = "DependencyInjectionLearn.Presentation", "DependencyInjectionLearn.Presentation\DependencyInjectionLearn.Presentation.csproj", "{3AD63A7C-B3FE-4BF9-8B1D-50FE4D36FE37}"
EndProject
Project("{FAE04EC0-301F-11D3-BF4B-00C04F79EFBC}") = "DependencyInjectionLearn.Infrastructure", "DependencyInjectionLearn.Infrastructure\DependencyInjectionLearn.Infrastructure.csproj", "{DFBFA1B2-A212-4866-8D0C-26B4BB2B022E}"
EndProject
Project("{FAE04EC0-301F-11D3-BF4B-00C04F79EFBC}") = "DependencyInjectionLearn.Domain", "DependencyInjectionLearn.Domain\DependencyInjectionLearn.Domain.csproj", "{8975ECD8-F818-42A4-A833-DFE8C198A09D}"
EndProject
Global
	GlobalSection(SolutionConfigurationPlatforms) = preSolution
		Debug|Any CPU = Debug|Any CPU
		Release|Any CPU = Release|Any CPU
	EndGlobalSection
	GlobalSection(ProjectConfigurationPlatforms) = postSolution
		{3AD63A7C-B3FE-4BF9-8B1D-50FE4D36FE37}.Debug|Any CPU.ActiveCfg = Debug|Any CPU
		{3AD63A7C-B3FE-4BF9-8B1D-50FE4D36FE37}.Debug|Any CPU.Build.0 = Debug|Any CPU
		{3AD63A7C-B3FE-4BF9-8B1D-50FE4D36FE37}.Release|Any CPU.ActiveCfg = Release|Any CPU
		{3AD63A7C-B3FE-4BF9-8B1D-50FE4D36FE37}.Release|Any CPU.Build.0 = Release|Any CPU
		{DFBFA1B2-A212-4866-8D0C-26B4BB2B022E}.Debug|Any CPU.ActiveCfg = Debug|Any CPU
		{DFBFA1B2-A212-4866-8D0C-26B4BB2B022E}.Debug|Any CPU.Build.0 = Debug|Any CPU
		{DFBFA1B2-A212-4866-8D0C-26B4BB2B022E}.Release|Any CPU.ActiveCfg = Release|Any CPU
		{DFBFA1B2-A212-4866-8D0C-26B4BB2B022E}.Release|Any CPU.Build.0 = Release|Any CPU
		{8975ECD8-F818-42A4-A833-DFE8C198A09D}.Debug|Any CPU.ActiveCfg = Debug|Any CPU
		{8975ECD8-F818-42A4-A833-DFE8C198A09D}.Debug|Any CPU.Build.0 = Debug|Any CPU
		{8975ECD8-F818-42A4-A833-DFE8C198A09D}.Release|Any CPU.ActiveCfg = Release|Any CPU
		{8975ECD8-F818-42A4-A833-DFE8C198A09D}.Release|Any CPU.Build.0 = Release|Any CPU
	EndGlobalSection
	GlobalSection(SolutionProperties) = preSolution
		HideSolutionNode = FALSE
	EndGlobalSection
	GlobalSection(ExtensibilityGlobals) = postSolution
		SolutionGuid = {496DC829-8510-4EFC-835E-B34E1553989D}
	EndGlobalSection
EndGlobal
